
Microsoft Visual Studio Solution File, Format Version 12.00
Project("{9A19103F-16F7-4668-BE54-9A1E7A4F7556}") = "Roguelike", "Roguelike\Roguelike.csproj", "{D31F05CC-4158-49E3-956A-5299544E45BC}"
EndProject
Global
	GlobalSection(SolutionConfigurationPlatforms) = preSolution
		Debug|Any CPU = Debug|Any CPU
		Release|Any CPU = Release|Any CPU
	EndGlobalSection
	GlobalSection(ProjectConfigurationPlatforms) = postSolution
		{D31F05CC-4158-49E3-956A-5299544E45BC}.Debug|Any CPU.ActiveCfg = Debug|Any CPU
		{D31F05CC-4158-49E3-956A-5299544E45BC}.Debug|Any CPU.Build.0 = Debug|Any CPU
		{D31F05CC-4158-49E3-956A-5299544E45BC}.Release|Any CPU.ActiveCfg = Release|Any CPU
		{D31F05CC-4158-49E3-956A-5299544E45BC}.Release|Any CPU.Build.0 = Release|Any CPU
	EndGlobalSection
EndGlobal
